
Microsoft Visual Studio Solution File, Format Version 11.00
# Visual Studio 2010
Project("{FAE04EC0-301F-11D3-BF4B-00C04F79EFBC}") = "APP", "APP.csproj", "{3FB09F7A-E8A3-48D0-8EB9-7D8E7CC5B0E7}"
EndProject
Project("{FAE04EC0-301F-11D3-BF4B-00C04F79EFBC}") = "MWCommon", "MWCommon\MWCommon.csproj", "{FAD9A8E2-EE7C-4192-82DA-11DF9A1BB717}"
EndProject
Project("{FAE04EC0-301F-11D3-BF4B-00C04F79EFBC}") = "MWControls", "MWControls\MWControls.csproj", "{9986C595-9BF5-42B1-935E-C1203108248D}"
EndProject
Global
	GlobalSection(SubversionScc) = preSolution
		Svn-Managed = True
		Manager = AnkhSVN - Subversion Support for Visual Studio
	EndGlobalSection
	GlobalSection(SolutionConfigurationPlatforms) = preSolution
		Debug|Any CPU = Debug|Any CPU
		Debug|Mixed Platforms = Debug|Mixed Platforms
		Debug|x86 = Debug|x86
		Release|Any CPU = Release|Any CPU
		Release|Mixed Platforms = Release|Mixed Platforms
		Release|x86 = Release|x86
	EndGlobalSection
	GlobalSection(ProjectConfigurationPlatforms) = postSolution
		{3FB09F7A-E8A3-48D0-8EB9-7D8E7CC5B0E7}.Debug|Any CPU.ActiveCfg = Debug|x86
		{3FB09F7A-E8A3-48D0-8EB9-7D8E7CC5B0E7}.Debug|Mixed Platforms.ActiveCfg = Debug|x86
		{3FB09F7A-E8A3-48D0-8EB9-7D8E7CC5B0E7}.Debug|Mixed Platforms.Build.0 = Debug|x86
		{3FB09F7A-E8A3-48D0-8EB9-7D8E7CC5B0E7}.Debug|x86.ActiveCfg = Debug|x86
		{3FB09F7A-E8A3-48D0-8EB9-7D8E7CC5B0E7}.Debug|x86.Build.0 = Debug|x86
		{3FB09F7A-E8A3-48D0-8EB9-7D8E7CC5B0E7}.Release|Any CPU.ActiveCfg = Release|x86
		{3FB09F7A-E8A3-48D0-8EB9-7D8E7CC5B0E7}.Release|Mixed Platforms.ActiveCfg = Release|x86
		{3FB09F7A-E8A3-48D0-8EB9-7D8E7CC5B0E7}.Release|Mixed Platforms.Build.0 = Release|x86
		{3FB09F7A-E8A3-48D0-8EB9-7D8E7CC5B0E7}.Release|x86.ActiveCfg = Release|x86
		{3FB09F7A-E8A3-48D0-8EB9-7D8E7CC5B0E7}.Release|x86.Build.0 = Release|x86
		{FAD9A8E2-EE7C-4192-82DA-11DF9A1BB717}.Debug|Any CPU.ActiveCfg = Debug|Any CPU
		{FAD9A8E2-EE7C-4192-82DA-11DF9A1BB717}.Debug|Any CPU.Build.0 = Debug|Any CPU
		{FAD9A8E2-EE7C-4192-82DA-11DF9A1BB717}.Debug|Mixed Platforms.ActiveCfg = Debug|Any CPU
		{FAD9A8E2-EE7C-4192-82DA-11DF9A1BB717}.Debug|Mixed Platforms.Build.0 = Debug|Any CPU
		{FAD9A8E2-EE7C-4192-82DA-11DF9A1BB717}.Debug|x86.ActiveCfg = Debug|Any CPU
		{FAD9A8E2-EE7C-4192-82DA-11DF9A1BB717}.Release|Any CPU.ActiveCfg = Release|Any CPU
		{FAD9A8E2-EE7C-4192-82DA-11DF9A1BB717}.Release|Any CPU.Build.0 = Release|Any CPU
		{FAD9A8E2-EE7C-4192-82DA-11DF9A1BB717}.Release|Mixed Platforms.ActiveCfg = Release|Any CPU
		{FAD9A8E2-EE7C-4192-82DA-11DF9A1BB717}.Release|Mixed Platforms.Build.0 = Release|Any CPU
		{FAD9A8E2-EE7C-4192-82DA-11DF9A1BB717}.Release|x86.ActiveCfg = Release|Any CPU
		{9986C595-9BF5-42B1-935E-C1203108248D}.Debug|Any CPU.ActiveCfg = Debug|Any CPU
		{9986C595-9BF5-42B1-935E-C1203108248D}.Debug|Any CPU.Build.0 = Debug|Any CPU
		{9986C595-9BF5-42B1-935E-C1203108248D}.Debug|Mixed Platforms.ActiveCfg = Debug|Any CPU
		{9986C595-9BF5-42B1-935E-C1203108248D}.Debug|Mixed Platforms.Build.0 = Debug|Any CPU
		{9986C595-9BF5-42B1-935E-C1203108248D}.Debug|x86.ActiveCfg = Debug|Any CPU
		{9986C595-9BF5-42B1-935E-C1203108248D}.Release|Any CPU.ActiveCfg = Release|Any CPU
		{9986C595-9BF5-42B1-935E-C1203108248D}.Release|Any CPU.Build.0 = Release|Any CPU
		{9986C595-9BF5-42B1-935E-C1203108248D}.Release|Mixed Platforms.ActiveCfg = Release|Any CPU
		{9986C595-9BF5-42B1-935E-C1203108248D}.Release|Mixed Platforms.Build.0 = Release|Any CPU
		{9986C595-9BF5-42B1-935E-C1203108248D}.Release|x86.ActiveCfg = Release|Any CPU
	EndGlobalSection
	GlobalSection(SolutionProperties) = preSolution
		HideSolutionNode = FALSE
	EndGlobalSection
EndGlobal
